
Microsoft Visual Studio Solution File, Format Version 12.00
# Visual Studio Version 16
VisualStudioVersion = 16.0.30523.141
MinimumVisualStudioVersion = 10.0.40219.1
Project("{F184B08F-C81C-45F6-A57F-5ABD9991F28F}") = "NEXOSale30", "NEXOSale\NEXOSale30.vbproj", "{03C2B68F-C658-43EE-83F7-6A86F2C62AE3}"
EndProject
Project("{F184B08F-C81C-45F6-A57F-5ABD9991F28F}") = "NexoSaleTest", "NexoSaleTest\NexoSaleTest.vbproj", "{C1D85EE6-5BA5-499C-90DF-4EF147877164}"
EndProject
Project("{2150E333-8FDC-42A3-9474-1A3956D46DE8}") = "Solution Items", "Solution Items", "{2E68753E-F7C8-4D13-A0E8-1E96AD5CBAE3}"
	ProjectSection(SolutionItems) = preProject
		Install\InstallNexoSale.iss = Install\InstallNexoSale.iss
		NUGET30.nuspec = NUGET30.nuspec
		NUGET31.nuspec = NUGET31.nuspec
		readme.md = readme.md
	EndProjectSection
EndProject
Project("{F184B08F-C81C-45F6-A57F-5ABD9991F28F}") = "NEXOSale31", "NEXOSale31\NEXOSale31.vbproj", "{303A0841-5197-493C-A7FC-DE870F8CB7C6}"
EndProject
Global
	GlobalSection(SolutionConfigurationPlatforms) = preSolution
		Debug|Any CPU = Debug|Any CPU
		Release|Any CPU = Release|Any CPU
	EndGlobalSection
	GlobalSection(ProjectConfigurationPlatforms) = postSolution
		{03C2B68F-C658-43EE-83F7-6A86F2C62AE3}.Debug|Any CPU.ActiveCfg = Debug|Any CPU
		{03C2B68F-C658-43EE-83F7-6A86F2C62AE3}.Debug|Any CPU.Build.0 = Debug|Any CPU
		{03C2B68F-C658-43EE-83F7-6A86F2C62AE3}.Release|Any CPU.ActiveCfg = Release|Any CPU
		{03C2B68F-C658-43EE-83F7-6A86F2C62AE3}.Release|Any CPU.Build.0 = Release|Any CPU
		{C1D85EE6-5BA5-499C-90DF-4EF147877164}.Debug|Any CPU.ActiveCfg = Debug|Any CPU
		{C1D85EE6-5BA5-499C-90DF-4EF147877164}.Debug|Any CPU.Build.0 = Debug|Any CPU
		{C1D85EE6-5BA5-499C-90DF-4EF147877164}.Release|Any CPU.ActiveCfg = Release|Any CPU
		{C1D85EE6-5BA5-499C-90DF-4EF147877164}.Release|Any CPU.Build.0 = Release|Any CPU
		{303A0841-5197-493C-A7FC-DE870F8CB7C6}.Debug|Any CPU.ActiveCfg = Debug|Any CPU
		{303A0841-5197-493C-A7FC-DE870F8CB7C6}.Release|Any CPU.ActiveCfg = Release|Any CPU
	EndGlobalSection
	GlobalSection(SolutionProperties) = preSolution
		HideSolutionNode = FALSE
	EndGlobalSection
	GlobalSection(ExtensibilityGlobals) = postSolution
		SolutionGuid = {AB1BBCC9-7DAA-4139-A3E6-B921B6C1AA95}
	EndGlobalSection
EndGlobal
